
Microsoft Visual Studio Solution File, Format Version 12.00
# Visual Studio Version 17
VisualStudioVersion = 17.7.34009.444
MinimumVisualStudioVersion = 10.0.40219.1
Project("{FAE04EC0-301F-11D3-BF4B-00C04F79EFBC}") = "FinalECommerceProject", "FinalECommerceProject\FinalECommerceProject.csproj", "{31704277-AFD4-4D15-B907-9FDF05C24849}"
EndProject
Project("{FAE04EC0-301F-11D3-BF4B-00C04F79EFBC}") = "ECommerce.Core", "ECommerce.Core\ECommerce.Core.csproj", "{E4FB9CC9-0382-488F-B8FC-7B2EFB544F71}"
EndProject
Project("{FAE04EC0-301F-11D3-BF4B-00C04F79EFBC}") = "ECommerce.Infrastructure", "ECommerce.Infrastructure\ECommerce.Infrastructure.csproj", "{414CB7A7-D762-407C-A4A9-AA6468C9E446}"
EndProject
Project("{FAE04EC0-301F-11D3-BF4B-00C04F79EFBC}") = "ECommerce.Application", "ECommerce.Application\ECommerce.Application.csproj", "{45CE09BA-BBF3-4C6B-A767-A10BC40A86B3}"
EndProject
Global
	GlobalSection(SolutionConfigurationPlatforms) = preSolution
		Debug|Any CPU = Debug|Any CPU
		Release|Any CPU = Release|Any CPU
	EndGlobalSection
	GlobalSection(ProjectConfigurationPlatforms) = postSolution
		{31704277-AFD4-4D15-B907-9FDF05C24849}.Debug|Any CPU.ActiveCfg = Debug|Any CPU
		{31704277-AFD4-4D15-B907-9FDF05C24849}.Debug|Any CPU.Build.0 = Debug|Any CPU
		{31704277-AFD4-4D15-B907-9FDF05C24849}.Release|Any CPU.ActiveCfg = Release|Any CPU
		{31704277-AFD4-4D15-B907-9FDF05C24849}.Release|Any CPU.Build.0 = Release|Any CPU
		{E4FB9CC9-0382-488F-B8FC-7B2EFB544F71}.Debug|Any CPU.ActiveCfg = Debug|Any CPU
		{E4FB9CC9-0382-488F-B8FC-7B2EFB544F71}.Debug|Any CPU.Build.0 = Debug|Any CPU
		{E4FB9CC9-0382-488F-B8FC-7B2EFB544F71}.Release|Any CPU.ActiveCfg = Release|Any CPU
		{E4FB9CC9-0382-488F-B8FC-7B2EFB544F71}.Release|Any CPU.Build.0 = Release|Any CPU
		{414CB7A7-D762-407C-A4A9-AA6468C9E446}.Debug|Any CPU.ActiveCfg = Debug|Any CPU
		{414CB7A7-D762-407C-A4A9-AA6468C9E446}.Debug|Any CPU.Build.0 = Debug|Any CPU
		{414CB7A7-D762-407C-A4A9-AA6468C9E446}.Release|Any CPU.ActiveCfg = Release|Any CPU
		{414CB7A7-D762-407C-A4A9-AA6468C9E446}.Release|Any CPU.Build.0 = Release|Any CPU
		{45CE09BA-BBF3-4C6B-A767-A10BC40A86B3}.Debug|Any CPU.ActiveCfg = Debug|Any CPU
		{45CE09BA-BBF3-4C6B-A767-A10BC40A86B3}.Debug|Any CPU.Build.0 = Debug|Any CPU
		{45CE09BA-BBF3-4C6B-A767-A10BC40A86B3}.Release|Any CPU.ActiveCfg = Release|Any CPU
		{45CE09BA-BBF3-4C6B-A767-A10BC40A86B3}.Release|Any CPU.Build.0 = Release|Any CPU
	EndGlobalSection
	GlobalSection(SolutionProperties) = preSolution
		HideSolutionNode = FALSE
	EndGlobalSection
	GlobalSection(ExtensibilityGlobals) = postSolution
		SolutionGuid = {468A25AD-4FEF-4580-AC11-6F49525EC284}
	EndGlobalSection
EndGlobal
